{
  "originHash" : "6b25385f129b0d65d6e9cf5a1ef515108d8f67924feb4f6cc5375ce6ec25c223",
  "pins" : [
    {
      "identity" : "dadataapiclient",
      "kind" : "remoteSourceControl",
      "location" : "https://github.com/temamarvel/DaDataAPIClient.git",
      "state" : {
        "branch" : "main",
        "revision" : "65d7de69348d4b6fea536dc980301e201d267ce4"
      }
    },
    {
      "identity" : "openaiclient",
      "kind" : "remoteSourceControl",
      "location" : "https://github.com/temamarvel/OpenAIClient.git",
      "state" : {
        "branch" : "main",
        "revision" : "510772133748193ab2f645c85743bb4ca4d9c385"
      }
    },
    {
      "identity" : "swiftui-shimmer",
      "kind" : "remoteSourceControl",
      "location" : "https://github.com/markiv/SwiftUI-Shimmer",
      "state" : {
        "revision" : "0226e21f9bf355d40e07e5f5e1c33679d50e167f",
        "version" : "1.5.1"
      }
    },
    {
      "identity" : "zipfoundation",
      "kind" : "remoteSourceControl",
      "location" : "https://github.com/weichsel/ZIPFoundation.git",
      "state" : {
        "revision" : "22787ffb59de99e5dc1fbfe80b19c97a904ad48d",
        "version" : "0.9.20"
      }
    }
  ],
  "version" : 3
}
